
Microsoft Visual Studio Solution File, Format Version 12.00
# Visual Studio 15
VisualStudioVersion = 15.0.28307.136
MinimumVisualStudioVersion = 10.0.40219.1
Project("{FAE04EC0-301F-11D3-BF4B-00C04F79EFBC}") = "Tema2", "Tema2\Tema2.csproj", "{5861DBA7-CA0B-4809-A96E-B48C2793892A}"
EndProject
Global
	GlobalSection(SolutionConfigurationPlatforms) = preSolution
		Debug|Any CPU = Debug|Any CPU
		Release|Any CPU = Release|Any CPU
	EndGlobalSection
	GlobalSection(ProjectConfigurationPlatforms) = postSolution
		{5861DBA7-CA0B-4809-A96E-B48C2793892A}.Debug|Any CPU.ActiveCfg = Debug|Any CPU
		{5861DBA7-CA0B-4809-A96E-B48C2793892A}.Debug|Any CPU.Build.0 = Debug|Any CPU
		{5861DBA7-CA0B-4809-A96E-B48C2793892A}.Release|Any CPU.ActiveCfg = Release|Any CPU
		{5861DBA7-CA0B-4809-A96E-B48C2793892A}.Release|Any CPU.Build.0 = Release|Any CPU
	EndGlobalSection
	GlobalSection(SolutionProperties) = preSolution
		HideSolutionNode = FALSE
	EndGlobalSection
	GlobalSection(ExtensibilityGlobals) = postSolution
		SolutionGuid = {D9650808-9613-4D33-9054-D89A20D13304}
	EndGlobalSection
EndGlobal
